
Microsoft Visual Studio Solution File, Format Version 12.00
# Visual Studio Version 17
VisualStudioVersion = 17.0.31912.275
MinimumVisualStudioVersion = 10.0.40219.1
Project("{FAE04EC0-301F-11D3-BF4B-00C04F79EFBC}") = "QuanLyQuanAn-FINAL", "QuanLyQuanAn-FINAL.csproj", "{20109310-D78C-460C-B215-25F115778F61}"
EndProject
Global
	GlobalSection(SolutionConfigurationPlatforms) = preSolution
		Debug|Any CPU = Debug|Any CPU
		Release|Any CPU = Release|Any CPU
	EndGlobalSection
	GlobalSection(ProjectConfigurationPlatforms) = postSolution
		{20109310-D78C-460C-B215-25F115778F61}.Debug|Any CPU.ActiveCfg = Debug|Any CPU
		{20109310-D78C-460C-B215-25F115778F61}.Debug|Any CPU.Build.0 = Debug|Any CPU
		{20109310-D78C-460C-B215-25F115778F61}.Release|Any CPU.ActiveCfg = Release|Any CPU
		{20109310-D78C-460C-B215-25F115778F61}.Release|Any CPU.Build.0 = Release|Any CPU
	EndGlobalSection
	GlobalSection(SolutionProperties) = preSolution
		HideSolutionNode = FALSE
	EndGlobalSection
	GlobalSection(ExtensibilityGlobals) = postSolution
		SolutionGuid = {179ACD92-8D72-4507-9AE6-0B0AE2453507}
	EndGlobalSection
EndGlobal
